
Microsoft Visual Studio Solution File, Format Version 12.00
# Visual Studio 14
VisualStudioVersion = 14.0.23107.0
MinimumVisualStudioVersion = 10.0.40219.1
Project("{FAE04EC0-301F-11D3-BF4B-00C04F79EFBC}") = "FileWatcherService", "FileWatcherService\FileWatcherService.csproj", "{1CEFF800-8826-431B-A251-73026B69C3FE}"
EndProject
Project("{FAE04EC0-301F-11D3-BF4B-00C04F79EFBC}") = "SecurityReader", "SecurityReader\SecurityReader.csproj", "{0B56EF13-0F55-4747-B868-3C839982CF7F}"
EndProject
Project("{FAE04EC0-301F-11D3-BF4B-00C04F79EFBC}") = "ConsoleApplication1", "ConsoleApplication1\ConsoleApplication1.csproj", "{31718A97-6D58-4039-ACE6-B9479B81BF94}"
EndProject
Global
	GlobalSection(SolutionConfigurationPlatforms) = preSolution
		Debug|Any CPU = Debug|Any CPU
		Release|Any CPU = Release|Any CPU
	EndGlobalSection
	GlobalSection(ProjectConfigurationPlatforms) = postSolution
		{1CEFF800-8826-431B-A251-73026B69C3FE}.Debug|Any CPU.ActiveCfg = Debug|Any CPU
		{1CEFF800-8826-431B-A251-73026B69C3FE}.Debug|Any CPU.Build.0 = Debug|Any CPU
		{1CEFF800-8826-431B-A251-73026B69C3FE}.Release|Any CPU.ActiveCfg = Release|Any CPU
		{1CEFF800-8826-431B-A251-73026B69C3FE}.Release|Any CPU.Build.0 = Release|Any CPU
		{0B56EF13-0F55-4747-B868-3C839982CF7F}.Debug|Any CPU.ActiveCfg = Debug|Any CPU
		{0B56EF13-0F55-4747-B868-3C839982CF7F}.Debug|Any CPU.Build.0 = Debug|Any CPU
		{0B56EF13-0F55-4747-B868-3C839982CF7F}.Release|Any CPU.ActiveCfg = Release|Any CPU
		{0B56EF13-0F55-4747-B868-3C839982CF7F}.Release|Any CPU.Build.0 = Release|Any CPU
		{31718A97-6D58-4039-ACE6-B9479B81BF94}.Debug|Any CPU.ActiveCfg = Debug|Any CPU
		{31718A97-6D58-4039-ACE6-B9479B81BF94}.Debug|Any CPU.Build.0 = Debug|Any CPU
		{31718A97-6D58-4039-ACE6-B9479B81BF94}.Release|Any CPU.ActiveCfg = Release|Any CPU
		{31718A97-6D58-4039-ACE6-B9479B81BF94}.Release|Any CPU.Build.0 = Release|Any CPU
	EndGlobalSection
	GlobalSection(SolutionProperties) = preSolution
		HideSolutionNode = FALSE
	EndGlobalSection
EndGlobal
